
Microsoft Visual Studio Solution File, Format Version 11.00
# Visual Studio 2010
Project("{FAE04EC0-301F-11D3-BF4B-00C04F79EFBC}") = "Unity 3d project", "Assembly-CSharp.csproj", "{E10A3A9F-798E-2A80-6CF0-1B7F28B06AEF}"
EndProject
Global
	GlobalSection(SolutionConfigurationPlatforms) = preSolution
		Debug|Any CPU = Debug|Any CPU
		Release|Any CPU = Release|Any CPU
	EndGlobalSection
	GlobalSection(ProjectConfigurationPlatforms) = postSolution
		{E10A3A9F-798E-2A80-6CF0-1B7F28B06AEF}.Debug|Any CPU.ActiveCfg = Debug|Any CPU
		{E10A3A9F-798E-2A80-6CF0-1B7F28B06AEF}.Debug|Any CPU.Build.0 = Debug|Any CPU
		{E10A3A9F-798E-2A80-6CF0-1B7F28B06AEF}.Release|Any CPU.ActiveCfg = Release|Any CPU
		{E10A3A9F-798E-2A80-6CF0-1B7F28B06AEF}.Release|Any CPU.Build.0 = Release|Any CPU
	EndGlobalSection
	GlobalSection(SolutionProperties) = preSolution
		HideSolutionNode = FALSE
	EndGlobalSection
	GlobalSection(MonoDevelopProperties) = preSolution
		StartupItem = Assembly-CSharp.csproj
	EndGlobalSection
EndGlobal
