
Microsoft Visual Studio Solution File, Format Version 11.00
# Visual Studio 2010
Project("{FAE04EC0-301F-11D3-BF4B-00C04F79EFBC}") = "Survival Shooter Final", "Assembly-CSharp.csproj", "{949CB2ED-A567-F235-C262-E6D60BA6100D}"
EndProject
Global
	GlobalSection(SolutionConfigurationPlatforms) = preSolution
		Debug|Any CPU = Debug|Any CPU
		Release|Any CPU = Release|Any CPU
	EndGlobalSection
	GlobalSection(ProjectConfigurationPlatforms) = postSolution
		{949CB2ED-A567-F235-C262-E6D60BA6100D}.Debug|Any CPU.ActiveCfg = Debug|Any CPU
		{949CB2ED-A567-F235-C262-E6D60BA6100D}.Debug|Any CPU.Build.0 = Debug|Any CPU
		{949CB2ED-A567-F235-C262-E6D60BA6100D}.Release|Any CPU.ActiveCfg = Release|Any CPU
		{949CB2ED-A567-F235-C262-E6D60BA6100D}.Release|Any CPU.Build.0 = Release|Any CPU
	EndGlobalSection
	GlobalSection(SolutionProperties) = preSolution
		HideSolutionNode = FALSE
	EndGlobalSection
	GlobalSection(MonoDevelopProperties) = preSolution
		StartupItem = Assembly-CSharp.csproj
	EndGlobalSection
EndGlobal
